
Microsoft Visual Studio Solution File, Format Version 12.00
# Visual Studio 2012
Project("{8BC9CEB8-8B4A-11D0-8D11-00A0C91BC942}") = "tcolormask", "tcolormask\tcolormask.vcxproj", "{40937987-21DE-4311-9E2C-E0E4F39033C9}"
EndProject
Global
	GlobalSection(SolutionConfigurationPlatforms) = preSolution
		Debug-avs25|Win32 = Debug-avs25|Win32
		Debug-avs26|Win32 = Debug-avs26|Win32
		Release-avs25|Win32 = Release-avs25|Win32
		Release-avs26|Win32 = Release-avs26|Win32
	EndGlobalSection
	GlobalSection(ProjectConfigurationPlatforms) = postSolution
		{40937987-21DE-4311-9E2C-E0E4F39033C9}.Debug-avs25|Win32.ActiveCfg = Debug-avs25|Win32
		{40937987-21DE-4311-9E2C-E0E4F39033C9}.Debug-avs25|Win32.Build.0 = Debug-avs25|Win32
		{40937987-21DE-4311-9E2C-E0E4F39033C9}.Debug-avs26|Win32.ActiveCfg = Debug-avs26|Win32
		{40937987-21DE-4311-9E2C-E0E4F39033C9}.Debug-avs26|Win32.Build.0 = Debug-avs26|Win32
		{40937987-21DE-4311-9E2C-E0E4F39033C9}.Release-avs25|Win32.ActiveCfg = Release-avs25|Win32
		{40937987-21DE-4311-9E2C-E0E4F39033C9}.Release-avs25|Win32.Build.0 = Release-avs25|Win32
		{40937987-21DE-4311-9E2C-E0E4F39033C9}.Release-avs26|Win32.ActiveCfg = Release-avs26|Win32
		{40937987-21DE-4311-9E2C-E0E4F39033C9}.Release-avs26|Win32.Build.0 = Release-avs26|Win32
	EndGlobalSection
	GlobalSection(SolutionProperties) = preSolution
		HideSolutionNode = FALSE
	EndGlobalSection
EndGlobal
